
Microsoft Visual Studio Solution File, Format Version 12.00
# Visual Studio Version 16
VisualStudioVersion = 16.0.31702.278
MinimumVisualStudioVersion = 10.0.40219.1
Project("{8BC9CEB8-8B4A-11D0-8D11-00A0C91BC942}") = "Unit14.3", "Unit14.3\Unit14.3.vcxproj", "{FAEEA525-7252-44E6-BDFD-A3DC68ACAB45}"
EndProject
Global
	GlobalSection(SolutionConfigurationPlatforms) = preSolution
		Debug|x64 = Debug|x64
		Debug|x86 = Debug|x86
		Release|x64 = Release|x64
		Release|x86 = Release|x86
	EndGlobalSection
	GlobalSection(ProjectConfigurationPlatforms) = postSolution
		{FAEEA525-7252-44E6-BDFD-A3DC68ACAB45}.Debug|x64.ActiveCfg = Debug|x64
		{FAEEA525-7252-44E6-BDFD-A3DC68ACAB45}.Debug|x64.Build.0 = Debug|x64
		{FAEEA525-7252-44E6-BDFD-A3DC68ACAB45}.Debug|x86.ActiveCfg = Debug|Win32
		{FAEEA525-7252-44E6-BDFD-A3DC68ACAB45}.Debug|x86.Build.0 = Debug|Win32
		{FAEEA525-7252-44E6-BDFD-A3DC68ACAB45}.Release|x64.ActiveCfg = Release|x64
		{FAEEA525-7252-44E6-BDFD-A3DC68ACAB45}.Release|x64.Build.0 = Release|x64
		{FAEEA525-7252-44E6-BDFD-A3DC68ACAB45}.Release|x86.ActiveCfg = Release|Win32
		{FAEEA525-7252-44E6-BDFD-A3DC68ACAB45}.Release|x86.Build.0 = Release|Win32
	EndGlobalSection
	GlobalSection(SolutionProperties) = preSolution
		HideSolutionNode = FALSE
	EndGlobalSection
	GlobalSection(ExtensibilityGlobals) = postSolution
		SolutionGuid = {7C4A3D49-75C0-4AD3-81FC-887A0CA45E48}
	EndGlobalSection
EndGlobal
